{
  "nodes": {
    "emacs-overlay": {
      "locked": {
        "lastModified": 1611232160,
        "narHash": "sha256-c0SLBrnYhftL1gQYNvoYjb9JZh42fR4TcLufnsnDQhM=",
        "owner": "nix-community",
        "repo": "emacs-overlay",
        "rev": "7168b4fbcedad6cc93d05845e3cab28537a1c556",
        "type": "github"
      },
      "original": {
        "owner": "nix-community",
        "repo": "emacs-overlay",
        "type": "github"
      }
    },
    "home-manager": {
      "inputs": {
        "nixpkgs": [
          "nixpkgs"
        ]
      },
      "locked": {
        "lastModified": 1611168555,
        "narHash": "sha256-hYdfa/4DPj916E9zBtCx31vDWwie8QOMOKnGXhBay38=",
        "owner": "rycee",
        "repo": "home-manager",
        "rev": "9d680ec66280d7843164f12be3d1f182b27cb198",
        "type": "github"
      },
      "original": {
        "owner": "rycee",
        "ref": "master",
        "repo": "home-manager",
        "type": "github"
      }
    },
    "nixos-hardware": {
      "locked": {
        "lastModified": 1610430373,
        "narHash": "sha256-2sTBiGl0z0B3VD2qMHIJtOGxOuftR0iiBSv30AhVWIw=",
        "owner": "nixos",
        "repo": "nixos-hardware",
        "rev": "874830945a65ad1134aff3a5aea0cdd2e1d914ab",
        "type": "github"
      },
      "original": {
        "owner": "nixos",
        "repo": "nixos-hardware",
        "type": "github"
      }
    },
    "nixpkgs": {
      "locked": {
        "lastModified": 1611243599,
        "narHash": "sha256-7Y0TTKyt30Ypf+ErazAC8e3rKjkMlrGA2JFTXO7Kbt8=",
        "owner": "NixOS",
        "repo": "nixpkgs",
        "rev": "33fc9b1c6dec3287425ad88e60e6534e33d1f9b9",
        "type": "github"
      },
      "original": {
        "id": "nixpkgs",
        "ref": "master",
        "type": "indirect"
      }
    },
    "nixpkgs-unstable": {
      "locked": {
        "lastModified": 1611243599,
        "narHash": "sha256-7Y0TTKyt30Ypf+ErazAC8e3rKjkMlrGA2JFTXO7Kbt8=",
        "owner": "NixOS",
        "repo": "nixpkgs",
        "rev": "33fc9b1c6dec3287425ad88e60e6534e33d1f9b9",
        "type": "github"
      },
      "original": {
        "id": "nixpkgs",
        "ref": "master",
        "type": "indirect"
      }
    },
    "root": {
      "inputs": {
        "emacs-overlay": "emacs-overlay",
        "home-manager": "home-manager",
        "nixos-hardware": "nixos-hardware",
        "nixpkgs": "nixpkgs",
        "nixpkgs-unstable": "nixpkgs-unstable"
      }
    }
  },
  "root": "root",
  "version": 7
}
